// !$*UTF8*$!
{
	archiveVersion = 1;
	classes = {
	};
	objectVersion = 46;
	objects = {

/* Begin PBXBuildFile section */
		843BDBE81D34FCB8007E9ADF /* GameOverScene.swift in Sources */ = {isa = PBXBuildFile; fileRef = 843BDBE71D34FCB8007E9ADF /* GameOverScene.swift */; };
		84F1C8941D312954006D9B01 /* AppDelegate.swift in Sources */ = {isa = PBXBuildFile; fileRef = 84F1C8931D312954006D9B01 /* AppDelegate.swift */; };
		84F1C8961D312954006D9B01 /* GameScene.sks in Resources */ = {isa = PBXBuildFile; fileRef = 84F1C8951D312954006D9B01 /* GameScene.sks */; };
		84F1C8981D312954006D9B01 /* GameScene.swift in Sources */ = {isa = PBXBuildFile; fileRef = 84F1C8971D312954006D9B01 /* GameScene.swift */; };
		84F1C89A1D312954006D9B01 /* GameViewController.swift in Sources */ = {isa = PBXBuildFile; fileRef = 84F1C8991D312954006D9B01 /* GameViewController.swift */; };
		84F1C89D1D312954006D9B01 /* Main.storyboard in Resources */ = {isa = PBXBuildFile; fileRef = 84F1C89B1D312954006D9B01 /* Main.storyboard */; };
		84F1C89F1D312954006D9B01 /* Assets.xcassets in Resources */ = {isa = PBXBuildFile; fileRef = 84F1C89E1D312954006D9B01 /* Assets.xcassets */; };
		84F1C8A21D312954006D9B01 /* LaunchScreen.storyboard in Resources */ = {isa = PBXBuildFile; fileRef = 84F1C8A01D312954006D9B01 /* LaunchScreen.storyboard */; };
		84F1C8AA1D312A43006D9B01 /* bgMusic.mp3 in Resources */ = {isa = PBXBuildFile; fileRef = 84F1C8A91D312A43006D9B01 /* bgMusic.mp3 */; };
/* End PBXBuildFile section */

/* Begin PBXFileReference section */
		843BDBE71D34FCB8007E9ADF /* GameOverScene.swift */ = {isa = PBXFileReference; fileEncoding = 4; lastKnownFileType = sourcecode.swift; path = GameOverScene.swift; sourceTree = "<group>"; };
		84F1C8901D312954006D9B01 /* BreakOut.app */ = {isa = PBXFileReference; explicitFileType = wrapper.application; includeInIndex = 0; path = BreakOut.app; sourceTree = BUILT_PRODUCTS_DIR; };
		84F1C8931D312954006D9B01 /* AppDelegate.swift */ = {isa = PBXFileReference; lastKnownFileType = sourcecode.swift; path = AppDelegate.swift; sourceTree = "<group>"; };
		84F1C8951D312954006D9B01 /* GameScene.sks */ = {isa = PBXFileReference; lastKnownFileType = file.sks; path = GameScene.sks; sourceTree = "<group>"; };
		84F1C8971D312954006D9B01 /* GameScene.swift */ = {isa = PBXFileReference; lastKnownFileType = sourcecode.swift; path = GameScene.swift; sourceTree = "<group>"; };
		84F1C8991D312954006D9B01 /* GameViewController.swift */ = {isa = PBXFileReference; lastKnownFileType = sourcecode.swift; path = GameViewController.swift; sourceTree = "<group>"; };
		84F1C89C1D312954006D9B01 /* Base */ = {isa = PBXFileReference; lastKnownFileType = file.storyboard; name = Base; path = Base.lproj/Main.storyboard; sourceTree = "<group>"; };
		84F1C89E1D312954006D9B01 /* Assets.xcassets */ = {isa = PBXFileReference; lastKnownFileType = folder.assetcatalog; path = Assets.xcassets; sourceTree = "<group>"; };
		84F1C8A11D312954006D9B01 /* Base */ = {isa = PBXFileReference; lastKnownFileType = file.storyboard; name = Base; path = Base.lproj/LaunchScreen.storyboard; sourceTree = "<group>"; };
		84F1C8A31D312954006D9B01 /* Info.plist */ = {isa = PBXFileReference; lastKnownFileType = text.plist.xml; path = Info.plist; sourceTree = "<group>"; };
		84F1C8A91D312A43006D9B01 /* bgMusic.mp3 */ = {isa = PBXFileReference; lastKnownFileType = audio.mp3; path = bgMusic.mp3; sourceTree = "<group>"; };
/* End PBXFileReference section */

/* Begin PBXFrameworksBuildPhase section */
		84F1C88D1D312954006D9B01 /* Frameworks */ = {
			isa = PBXFrameworksBuildPhase;
			buildActionMask = 2147483647;
			files = (
			);
			runOnlyForDeploymentPostprocessing = 0;
		};
/* End PBXFrameworksBuildPhase section */

/* Begin PBXGroup section */
		84F1C8871D312953006D9B01 = {
			isa = PBXGroup;
			children = (
				84F1C8921D312954006D9B01 /* BreakOut */,
				84F1C8911D312954006D9B01 /* Products */,
			);
			sourceTree = "<group>";
		};
		84F1C8911D312954006D9B01 /* Products */ = {
			isa = PBXGroup;
			children = (
				84F1C8901D312954006D9B01 /* BreakOut.app */,
			);
			name = Products;
			sourceTree = "<group>";
		};
		84F1C8921D312954006D9B01 /* BreakOut */ = {
			isa = PBXGroup;
			children = (
				84F1C8A91D312A43006D9B01 /* bgMusic.mp3 */,
				84F1C8931D312954006D9B01 /* AppDelegate.swift */,
				84F1C8951D312954006D9B01 /* GameScene.sks */,
				84F1C8971D312954006D9B01 /* GameScene.swift */,
				843BDBE71D34FCB8007E9ADF /* GameOverScene.swift */,
				84F1C8991D312954006D9B01 /* GameViewController.swift */,
				84F1C89B1D312954006D9B01 /* Main.storyboard */,
				84F1C89E1D312954006D9B01 /* Assets.xcassets */,
				84F1C8A01D312954006D9B01 /* LaunchScreen.storyboard */,
				84F1C8A31D312954006D9B01 /* Info.plist */,
			);
			path = BreakOut;
			sourceTree = "<group>";
		};
/* End PBXGroup section */

/* Begin PBXNativeTarget section */
		84F1C88F1D312954006D9B01 /* BreakOut */ = {
			isa = PBXNativeTarget;
			buildConfigurationList = 84F1C8A61D312954006D9B01 /* Build configuration list for PBXNativeTarget "BreakOut" */;
			buildPhases = (
				84F1C88C1D312954006D9B01 /* Sources */,
				84F1C88D1D312954006D9B01 /* Frameworks */,
				84F1C88E1D312954006D9B01 /* Resources */,
			);
			buildRules = (
			);
			dependencies = (
			);
			name = BreakOut;
			productName = BreakOut;
			productReference = 84F1C8901D312954006D9B01 /* BreakOut.app */;
			productType = "com.apple.product-type.application";
		};
/* End PBXNativeTarget section */

/* Begin PBXProject section */
		84F1C8881D312953006D9B01 /* Project object */ = {
			isa = PBXProject;
			attributes = {
				LastSwiftUpdateCheck = 0730;
				LastUpgradeCheck = 0730;
				ORGANIZATIONNAME = Sviridov;
				TargetAttributes = {
					84F1C88F1D312954006D9B01 = {
						CreatedOnToolsVersion = 7.3;
					};
				};
			};
			buildConfigurationList = 84F1C88B1D312953006D9B01 /* Build configuration list for PBXProject "BreakOut" */;
			compatibilityVersion = "Xcode 3.2";
			developmentRegion = English;
			hasScannedForEncodings = 0;
			knownRegions = (
				en,
				Base,
			);
			mainGroup = 84F1C8871D312953006D9B01;
			productRefGroup = 84F1C8911D312954006D9B01 /* Products */;
			projectDirPath = "";
			projectRoot = "";
			targets = (
				84F1C88F1D312954006D9B01 /* BreakOut */,
			);
		};
/* End PBXProject section */

/* Begin PBXResourcesBuildPhase section */
		84F1C88E1D312954006D9B01 /* Resources */ = {
			isa = PBXResourcesBuildPhase;
			buildActionMask = 2147483647;
			files = (
				84F1C8961D312954006D9B01 /* GameScene.sks in Resources */,
				84F1C8A21D312954006D9B01 /* LaunchScreen.storyboard in Resources */,
				84F1C8AA1D312A43006D9B01 /* bgMusic.mp3 in Resources */,
				84F1C89F1D312954006D9B01 /* Assets.xcassets in Resources */,
				84F1C89D1D312954006D9B01 /* Main.storyboard in Resources */,
			);
			runOnlyForDeploymentPostprocessing = 0;
		};
/* End PBXResourcesBuildPhase section */

/* Begin PBXSourcesBuildPhase section */
		84F1C88C1D312954006D9B01 /* Sources */ = {
			isa = PBXSourcesBuildPhase;
			buildActionMask = 2147483647;
			files = (
				84F1C8981D312954006D9B01 /* GameScene.swift in Sources */,
				84F1C89A1D312954006D9B01 /* GameViewController.swift in Sources */,
				843BDBE81D34FCB8007E9ADF /* GameOverScene.swift in Sources */,
				84F1C8941D312954006D9B01 /* AppDelegate.swift in Sources */,
			);
			runOnlyForDeploymentPostprocessing = 0;
		};
/* End PBXSourcesBuildPhase section */

/* Begin PBXVariantGroup section */
		84F1C89B1D312954006D9B01 /* Main.storyboard */ = {
			isa = PBXVariantGroup;
			children = (
				84F1C89C1D312954006D9B01 /* Base */,
			);
			name = Main.storyboard;
			sourceTree = "<group>";
		};
		84F1C8A01D312954006D9B01 /* LaunchScreen.storyboard */ = {
			isa = PBXVariantGroup;
			children = (
				84F1C8A11D312954006D9B01 /* Base */,
			);
			name = LaunchScreen.storyboard;
			sourceTree = "<group>";
		};
/* End PBXVariantGroup section */

/* Begin XCBuildConfiguration section */
		84F1C8A41D312954006D9B01 /* Debug */ = {
			isa = XCBuildConfiguration;
			buildSettings = {
				ALWAYS_SEARCH_USER_PATHS = NO;
				CLANG_ANALYZER_NONNULL = YES;
				CLANG_CXX_LANGUAGE_STANDARD = "gnu++0x";
				CLANG_CXX_LIBRARY = "libc++";
				CLANG_ENABLE_MODULES = YES;
				CLANG_ENABLE_OBJC_ARC = YES;
				CLANG_WARN_BOOL_CONVERSION = YES;
				CLANG_WARN_CONSTANT_CONVERSION = YES;
				CLANG_WARN_DIRECT_OBJC_ISA_USAGE = YES_ERROR;
				CLANG_WARN_EMPTY_BODY = YES;
				CLANG_WARN_ENUM_CONVERSION = YES;
				CLANG_WARN_INT_CONVERSION = YES;
				CLANG_WARN_OBJC_ROOT_CLASS = YES_ERROR;
				CLANG_WARN_UNREACHABLE_CODE = YES;
				CLANG_WARN__DUPLICATE_METHOD_MATCH = YES;
				"CODE_SIGN_IDENTITY[sdk=iphoneos*]" = "iPhone Developer";
				COPY_PHASE_STRIP = NO;
				DEBUG_INFORMATION_FORMAT = "dwarf-with-dsym";
				ENABLE_STRICT_OBJC_MSGSEND = YES;
				ENABLE_TESTABILITY = YES;
				GCC_C_LANGUAGE_STANDARD = gnu99;
				GCC_DYNAMIC_NO_PIC = NO;
				GCC_NO_COMMON_BLOCKS = YES;
				GCC_OPTIMIZATION_LEVEL = 0;
				GCC_PREPROCESSOR_DEFINITIONS = (
					"DEBUG=1",
					"$(inherited)",
				);
				GCC_WARN_64_TO_32_BIT_CONVERSION = YES;
				GCC_WARN_ABOUT_RETURN_TYPE = YES_ERROR;
				GCC_WARN_UNDECLARED_SELECTOR = YES;
				GCC_WARN_UNINITIALIZED_AUTOS = YES_AGGRESSIVE;
				GCC_WARN_UNUSED_FUNCTION = YES;
				GCC_WARN_UNUSED_VARIABLE = YES;
				IPHONEOS_DEPLOYMENT_TARGET = 9.3;
				MTL_ENABLE_DEBUG_INFO = YES;
				ONLY_ACTIVE_ARCH = YES;
				SDKROOT = iphoneos;
				SWIFT_OPTIMIZATION_LEVEL = "-Onone";
			};
			name = Debug;
		};
		84F1C8A51D312954006D9B01 /* Release */ = {
			isa = XCBuildConfiguration;
			buildSettings = {
				ALWAYS_SEARCH_USER_PATHS = NO;
				CLANG_ANALYZER_NONNULL = YES;
				CLANG_CXX_LANGUAGE_STANDARD = "gnu++0x";
				CLANG_CXX_LIBRARY = "libc++";
				CLANG_ENABLE_MODULES = YES;
				CLANG_ENABLE_OBJC_ARC = YES;
				CLANG_WARN_BOOL_CONVERSION = YES;
				CLANG_WARN_CONSTANT_CONVERSION = YES;
				CLANG_WARN_DIRECT_OBJC_ISA_USAGE = YES_ERROR;
				CLANG_WARN_EMPTY_BODY = YES;
				CLANG_WARN_ENUM_CONVERSION = YES;
				CLANG_WARN_INT_CONVERSION = YES;
				CLANG_WARN_OBJC_ROOT_CLASS = YES_ERROR;
				CLANG_WARN_UNREACHABLE_CODE = YES;
				CLANG_WARN__DUPLICATE_METHOD_MATCH = YES;
				"CODE_SIGN_IDENTITY[sdk=iphoneos*]" = "iPhone Developer";
				COPY_PHASE_STRIP = NO;
				DEBUG_INFORMATION_FORMAT = "dwarf-with-dsym";
				ENABLE_NS_ASSERTIONS = NO;
				ENABLE_STRICT_OBJC_MSGSEND = YES;
				GCC_C_LANGUAGE_STANDARD = gnu99;
				GCC_NO_COMMON_BLOCKS = YES;
				GCC_WARN_64_TO_32_BIT_CONVERSION = YES;
				GCC_WARN_ABOUT_RETURN_TYPE = YES_ERROR;
				GCC_WARN_UNDECLARED_SELECTOR = YES;
				GCC_WARN_UNINITIALIZED_AUTOS = YES_AGGRESSIVE;
				GCC_WARN_UNUSED_FUNCTION = YES;
				GCC_WARN_UNUSED_VARIABLE = YES;
				IPHONEOS_DEPLOYMENT_TARGET = 9.3;
				MTL_ENABLE_DEBUG_INFO = NO;
				SDKROOT = iphoneos;
				VALIDATE_PRODUCT = YES;
			};
			name = Release;
		};
		84F1C8A71D312954006D9B01 /* Debug */ = {
			isa = XCBuildConfiguration;
			buildSettings = {
				ASSETCATALOG_COMPILER_APPICON_NAME = AppIcon;
				INFOPLIST_FILE = BreakOut/Info.plist;
				LD_RUNPATH_SEARCH_PATHS = "$(inherited) @executable_path/Frameworks";
				PRODUCT_BUNDLE_IDENTIFIER = Sviridov.BreakOut;
				PRODUCT_NAME = "$(TARGET_NAME)";
			};
			name = Debug;
		};
		84F1C8A81D312954006D9B01 /* Release */ = {
			isa = XCBuildConfiguration;
			buildSettings = {
				ASSETCATALOG_COMPILER_APPICON_NAME = AppIcon;
				INFOPLIST_FILE = BreakOut/Info.plist;
				LD_RUNPATH_SEARCH_PATHS = "$(inherited) @executable_path/Frameworks";
				PRODUCT_BUNDLE_IDENTIFIER = Sviridov.BreakOut;
				PRODUCT_NAME = "$(TARGET_NAME)";
			};
			name = Release;
		};
/* End XCBuildConfiguration section */

/* Begin XCConfigurationList section */
		84F1C88B1D312953006D9B01 /* Build configuration list for PBXProject "BreakOut" */ = {
			isa = XCConfigurationList;
			buildConfigurations = (
				84F1C8A41D312954006D9B01 /* Debug */,
				84F1C8A51D312954006D9B01 /* Release */,
			);
			defaultConfigurationIsVisible = 0;
			defaultConfigurationName = Release;
		};
		84F1C8A61D312954006D9B01 /* Build configuration list for PBXNativeTarget "BreakOut" */ = {
			isa = XCConfigurationList;
			buildConfigurations = (
				84F1C8A71D312954006D9B01 /* Debug */,
				84F1C8A81D312954006D9B01 /* Release */,
			);
			defaultConfigurationIsVisible = 0;
			defaultConfigurationName = Release;
		};
/* End XCConfigurationList section */
	};
	rootObject = 84F1C8881D312953006D9B01 /* Project object */;
}
